
Microsoft Visual Studio Solution File, Format Version 12.00
Project("{FAE04EC0-301F-11D3-BF4B-00C04F79EFBC}") = "Proyecto28", "Proyecto28\Proyecto28.csproj", "{E78ED4D7-68C2-44C7-B19E-ABA83AADCB59}"
EndProject
Global
	GlobalSection(SolutionConfigurationPlatforms) = preSolution
		Debug|Any CPU = Debug|Any CPU
		Release|Any CPU = Release|Any CPU
	EndGlobalSection
	GlobalSection(ProjectConfigurationPlatforms) = postSolution
		{E78ED4D7-68C2-44C7-B19E-ABA83AADCB59}.Debug|Any CPU.ActiveCfg = Debug|Any CPU
		{E78ED4D7-68C2-44C7-B19E-ABA83AADCB59}.Debug|Any CPU.Build.0 = Debug|Any CPU
		{E78ED4D7-68C2-44C7-B19E-ABA83AADCB59}.Release|Any CPU.ActiveCfg = Release|Any CPU
		{E78ED4D7-68C2-44C7-B19E-ABA83AADCB59}.Release|Any CPU.Build.0 = Release|Any CPU
	EndGlobalSection
EndGlobal
