
Microsoft Visual Studio Solution File, Format Version 12.00
Project("{FAE04EC0-301F-11D3-BF4B-00C04F79EFBC}") = "Proyecto35", "Proyecto35\Proyecto35.csproj", "{269AD728-9CE7-4AA5-B64E-E3613F1CCDCD}"
EndProject
Global
	GlobalSection(SolutionConfigurationPlatforms) = preSolution
		Debug|Any CPU = Debug|Any CPU
		Release|Any CPU = Release|Any CPU
	EndGlobalSection
	GlobalSection(ProjectConfigurationPlatforms) = postSolution
		{269AD728-9CE7-4AA5-B64E-E3613F1CCDCD}.Debug|Any CPU.ActiveCfg = Debug|Any CPU
		{269AD728-9CE7-4AA5-B64E-E3613F1CCDCD}.Debug|Any CPU.Build.0 = Debug|Any CPU
		{269AD728-9CE7-4AA5-B64E-E3613F1CCDCD}.Release|Any CPU.ActiveCfg = Release|Any CPU
		{269AD728-9CE7-4AA5-B64E-E3613F1CCDCD}.Release|Any CPU.Build.0 = Release|Any CPU
	EndGlobalSection
EndGlobal
