
Microsoft Visual Studio Solution File, Format Version 12.00
Project("{FAE04EC0-301F-11D3-BF4B-00C04F79EFBC}") = "Proyecto22", "Proyecto22\Proyecto22.csproj", "{ECACBCBB-1A15-4739-8A48-84AF958808D6}"
EndProject
Global
	GlobalSection(SolutionConfigurationPlatforms) = preSolution
		Debug|Any CPU = Debug|Any CPU
		Release|Any CPU = Release|Any CPU
	EndGlobalSection
	GlobalSection(ProjectConfigurationPlatforms) = postSolution
		{ECACBCBB-1A15-4739-8A48-84AF958808D6}.Debug|Any CPU.ActiveCfg = Debug|Any CPU
		{ECACBCBB-1A15-4739-8A48-84AF958808D6}.Debug|Any CPU.Build.0 = Debug|Any CPU
		{ECACBCBB-1A15-4739-8A48-84AF958808D6}.Release|Any CPU.ActiveCfg = Release|Any CPU
		{ECACBCBB-1A15-4739-8A48-84AF958808D6}.Release|Any CPU.Build.0 = Release|Any CPU
	EndGlobalSection
EndGlobal
